
Microsoft Visual Studio Solution File, Format Version 12.00
# Visual Studio Version 16
VisualStudioVersion = 16.0.30413.136
MinimumVisualStudioVersion = 10.0.40219.1
Project("{FAE04EC0-301F-11D3-BF4B-00C04F79EFBC}") = "Angular_Employees_Final", "Angular_Employees_Final.csproj", "{37E18F4D-AC01-42A3-93B1-9E4707877287}"
EndProject
Global
	GlobalSection(SolutionConfigurationPlatforms) = preSolution
		Debug|Any CPU = Debug|Any CPU
		Release|Any CPU = Release|Any CPU
	EndGlobalSection
	GlobalSection(ProjectConfigurationPlatforms) = postSolution
		{37E18F4D-AC01-42A3-93B1-9E4707877287}.Debug|Any CPU.ActiveCfg = Debug|Any CPU
		{37E18F4D-AC01-42A3-93B1-9E4707877287}.Debug|Any CPU.Build.0 = Debug|Any CPU
		{37E18F4D-AC01-42A3-93B1-9E4707877287}.Release|Any CPU.ActiveCfg = Release|Any CPU
		{37E18F4D-AC01-42A3-93B1-9E4707877287}.Release|Any CPU.Build.0 = Release|Any CPU
	EndGlobalSection
	GlobalSection(SolutionProperties) = preSolution
		HideSolutionNode = FALSE
	EndGlobalSection
	GlobalSection(ExtensibilityGlobals) = postSolution
		SolutionGuid = {9694E250-9A8F-474F-BC9F-84C5B8CE9CE6}
	EndGlobalSection
EndGlobal
